
Microsoft Visual Studio Solution File, Format Version 12.00
# Visual Studio Version 17
VisualStudioVersion = 17.5.002.0
MinimumVisualStudioVersion = 10.0.40219.1
Project("{9A19103F-16F7-4668-BE54-9A1E7A4F7556}") = "LHPet", "LHPet.csproj", "{98A484EE-8510-44C0-B83E-1D5A8443D23C}"
EndProject
Global
	GlobalSection(SolutionConfigurationPlatforms) = preSolution
		Debug|Any CPU = Debug|Any CPU
		Release|Any CPU = Release|Any CPU
	EndGlobalSection
	GlobalSection(ProjectConfigurationPlatforms) = postSolution
		{98A484EE-8510-44C0-B83E-1D5A8443D23C}.Debug|Any CPU.ActiveCfg = Debug|Any CPU
		{98A484EE-8510-44C0-B83E-1D5A8443D23C}.Debug|Any CPU.Build.0 = Debug|Any CPU
		{98A484EE-8510-44C0-B83E-1D5A8443D23C}.Release|Any CPU.ActiveCfg = Release|Any CPU
		{98A484EE-8510-44C0-B83E-1D5A8443D23C}.Release|Any CPU.Build.0 = Release|Any CPU
	EndGlobalSection
	GlobalSection(SolutionProperties) = preSolution
		HideSolutionNode = FALSE
	EndGlobalSection
	GlobalSection(ExtensibilityGlobals) = postSolution
		SolutionGuid = {F9EEAA7F-F3BB-4559-A608-671437A12E86}
	EndGlobalSection
EndGlobal
